
PODS:
- AFNetworking (1.0)
- Mixpanel (1.3.1)
- TestFlightSDK (1.2.beta2)

DEPENDENCIES:
- AFNetworking (~> 1.0)
- Mixpanel (~> 1.0)
- TestFlightSDK (~> 1.1)

SPEC CHECKSUMS:
  AFNetworking: 758a1cb1ab5a0d22795ba1c44abb9cad395bc126
  Mixpanel: 4dbc198bf441400be45f5b77ad30e2ddc7cee3af
  TestFlightSDK: 5e99e21c11d7f4447171bf787b256062d4405f23

COCOAPODS: 0.15.1
