// !$*UTF8*$!
{
	archiveVersion = 1;
	classes = {
	};
	objectVersion = 46;
	objects = {

/* Begin PBXBuildFile section */
		600104D41524F9CB005F5B33 /* Folder.m in Sources */ = {isa = PBXBuildFile; fileRef = 600104D31524F9CB005F5B33 /* Folder.m */; };
		600641FB151F24AF00EF85F9 /* StatusViewController.m in Sources */ = {isa = PBXBuildFile; fileRef = 600641FA151F24AF00EF85F9 /* StatusViewController.m */; };
		600641FF151F24C100EF85F9 /* SearchViewController.m in Sources */ = {isa = PBXBuildFile; fileRef = 600641FE151F24C100EF85F9 /* SearchViewController.m */; };
		60064202151F24CD00EF85F9 /* BrowsingViewController.m in Sources */ = {isa = PBXBuildFile; fileRef = 60064201151F24CD00EF85F9 /* BrowsingViewController.m */; };
		60064205151F24DA00EF85F9 /* RootViewController.m in Sources */ = {isa = PBXBuildFile; fileRef = 60064204151F24DA00EF85F9 /* RootViewController.m */; };
		601205391538CF2600052D89 /* mininova.json in Resources */ = {isa = PBXBuildFile; fileRef = 601205381538CF2600052D89 /* mininova.json */; };
		6012053B1538CF5600052D89 /* isohunt.json in Resources */ = {isa = PBXBuildFile; fileRef = 6012053A1538CF5600052D89 /* isohunt.json */; };
		6043D0ED1562F529002193B3 /* ORMoviePlayerController.m in Sources */ = {isa = PBXBuildFile; fileRef = 6043D0EC1562F529002193B3 /* ORMoviePlayerController.m */; };
		6043D0EF1562F5F4002193B3 /* AVFoundation.framework in Frameworks */ = {isa = PBXBuildFile; fileRef = 6043D0EE1562F5F4002193B3 /* AVFoundation.framework */; };
		6064D89B15398E4600E454E5 /* SearchController.m in Sources */ = {isa = PBXBuildFile; fileRef = 6064D89A15398E4600E454E5 /* SearchController.m */; };
		6064D8B315399D8B00E454E5 /* NSString+StripHTML.m in Sources */ = {isa = PBXBuildFile; fileRef = 6064D8B215399D8B00E454E5 /* NSString+StripHTML.m */; };
		606C79A4152F508E00608C56 /* ORDefaults.m in Sources */ = {isa = PBXBuildFile; fileRef = 606C79A3152F508E00608C56 /* ORDefaults.m */; };
		606C79AA152F5ACE00608C56 /* Tab.png in Resources */ = {isa = PBXBuildFile; fileRef = 606C79A6152F5ACE00608C56 /* Tab.png */; };
		606C79AB152F5ACE00608C56 /* TabActive.png in Resources */ = {isa = PBXBuildFile; fileRef = 606C79A7152F5ACE00608C56 /* TabActive.png */; };
		606C79AC152F5ACE00608C56 /* TabActive@2x.png in Resources */ = {isa = PBXBuildFile; fileRef = 606C79A8152F5ACE00608C56 /* TabActive@2x.png */; };
		606C79AD152F5ACE00608C56 /* Tab@2x.png in Resources */ = {isa = PBXBuildFile; fileRef = 606C79A9152F5ACE00608C56 /* Tab@2x.png */; };
		606C79B01530A4B100608C56 /* NSDictionary+ObjectForKey.m in Sources */ = {isa = PBXBuildFile; fileRef = 606C79AF1530A4B100608C56 /* NSDictionary+ObjectForKey.m */; };
		608069AD1574054F0070BF86 /* GMGridView.m in Sources */ = {isa = PBXBuildFile; fileRef = 6080699D1574054F0070BF86 /* GMGridView.m */; };
		608069AE1574054F0070BF86 /* GMGridViewCell.m in Sources */ = {isa = PBXBuildFile; fileRef = 608069A31574054F0070BF86 /* GMGridViewCell.m */; };
		608069AF1574054F0070BF86 /* GMGridViewLayoutStrategies.m in Sources */ = {isa = PBXBuildFile; fileRef = 608069A51574054F0070BF86 /* GMGridViewLayoutStrategies.m */; };
		608069B01574054F0070BF86 /* UIGestureRecognizer+GMGridViewAdditions.m in Sources */ = {isa = PBXBuildFile; fileRef = 608069A71574054F0070BF86 /* UIGestureRecognizer+GMGridViewAdditions.m */; };
		608069B11574054F0070BF86 /* UIView+GMGridViewAdditions.m in Sources */ = {isa = PBXBuildFile; fileRef = 608069A91574054F0070BF86 /* UIView+GMGridViewAdditions.m */; };
		6085D228151B99490068929C /* UIKit.framework in Frameworks */ = {isa = PBXBuildFile; fileRef = 6085D227151B99490068929C /* UIKit.framework */; };
		6085D22A151B99490068929C /* Foundation.framework in Frameworks */ = {isa = PBXBuildFile; fileRef = 6085D229151B99490068929C /* Foundation.framework */; };
		6085D22C151B99490068929C /* CoreGraphics.framework in Frameworks */ = {isa = PBXBuildFile; fileRef = 6085D22B151B99490068929C /* CoreGraphics.framework */; };
		6085D22E151B99490068929C /* CoreData.framework in Frameworks */ = {isa = PBXBuildFile; fileRef = 6085D22D151B99490068929C /* CoreData.framework */; };
		6085D234151B99490068929C /* InfoPlist.strings in Resources */ = {isa = PBXBuildFile; fileRef = 6085D232151B99490068929C /* InfoPlist.strings */; };
		6085D236151B99490068929C /* main.m in Sources */ = {isa = PBXBuildFile; fileRef = 6085D235151B99490068929C /* main.m */; };
		6085D23A151B99490068929C /* ORAppDelegate.m in Sources */ = {isa = PBXBuildFile; fileRef = 6085D239151B99490068929C /* ORAppDelegate.m */; };
		6085D23D151B99490068929C /* MainStoryboard.storyboard in Resources */ = {isa = PBXBuildFile; fileRef = 6085D23B151B99490068929C /* MainStoryboard.storyboard */; };
		6085D240151B99490068929C /* Puttio.xcdatamodeld in Sources */ = {isa = PBXBuildFile; fileRef = 6085D23E151B99490068929C /* Puttio.xcdatamodeld */; };
		6085D26D151B9CEF0068929C /* AFHTTPClient.m in Sources */ = {isa = PBXBuildFile; fileRef = 6085D259151B9CEF0068929C /* AFHTTPClient.m */; settings = {COMPILER_FLAGS = "-fno-objc-arc"; }; };
		6085D26E151B9CEF0068929C /* AFHTTPRequestOperation.m in Sources */ = {isa = PBXBuildFile; fileRef = 6085D25B151B9CEF0068929C /* AFHTTPRequestOperation.m */; settings = {COMPILER_FLAGS = "-fno-objc-arc"; }; };
		6085D26F151B9CEF0068929C /* AFImageRequestOperation.m in Sources */ = {isa = PBXBuildFile; fileRef = 6085D25D151B9CEF0068929C /* AFImageRequestOperation.m */; settings = {COMPILER_FLAGS = "-fno-objc-arc"; }; };
		6085D270151B9CEF0068929C /* AFJSONRequestOperation.m in Sources */ = {isa = PBXBuildFile; fileRef = 6085D25F151B9CEF0068929C /* AFJSONRequestOperation.m */; settings = {COMPILER_FLAGS = "-fno-objc-arc"; }; };
		6085D271151B9CEF0068929C /* AFJSONUtilities.m in Sources */ = {isa = PBXBuildFile; fileRef = 6085D261151B9CEF0068929C /* AFJSONUtilities.m */; settings = {COMPILER_FLAGS = "-fno-objc-arc"; }; };
		6085D272151B9CEF0068929C /* AFNetworkActivityIndicatorManager.m in Sources */ = {isa = PBXBuildFile; fileRef = 6085D263151B9CEF0068929C /* AFNetworkActivityIndicatorManager.m */; settings = {COMPILER_FLAGS = "-fno-objc-arc"; }; };
		6085D273151B9CEF0068929C /* AFPropertyListRequestOperation.m in Sources */ = {isa = PBXBuildFile; fileRef = 6085D266151B9CEF0068929C /* AFPropertyListRequestOperation.m */; settings = {COMPILER_FLAGS = "-fno-objc-arc"; }; };
		6085D274151B9CEF0068929C /* AFURLConnectionOperation.m in Sources */ = {isa = PBXBuildFile; fileRef = 6085D268151B9CEF0068929C /* AFURLConnectionOperation.m */; settings = {COMPILER_FLAGS = "-fno-objc-arc"; }; };
		6085D275151B9CEF0068929C /* AFXMLRequestOperation.m in Sources */ = {isa = PBXBuildFile; fileRef = 6085D26A151B9CEF0068929C /* AFXMLRequestOperation.m */; settings = {COMPILER_FLAGS = "-fno-objc-arc"; }; };
		6085D276151B9CEF0068929C /* UIImageView+AFNetworking.m in Sources */ = {isa = PBXBuildFile; fileRef = 6085D26C151B9CEF0068929C /* UIImageView+AFNetworking.m */; settings = {COMPILER_FLAGS = "-fno-objc-arc"; }; };
		6085D279151B9DBA0068929C /* V1PutIOAPIClient.m in Sources */ = {isa = PBXBuildFile; fileRef = 6085D278151B9DBA0068929C /* V1PutIOAPIClient.m */; };
		6085D27F151BA3AF0068929C /* NSDictionary+JSON.m in Sources */ = {isa = PBXBuildFile; fileRef = 6085D27E151BA3AF0068929C /* NSDictionary+JSON.m */; };
		6085D297151BAB230068929C /* Constants.m in Sources */ = {isa = PBXBuildFile; fileRef = 6085D296151BAB230068929C /* Constants.m */; };
		6096FC1B155FF0B1009C524C /* PutIOOAuthHelper.m in Sources */ = {isa = PBXBuildFile; fileRef = 6096FC1A155FF0B1009C524C /* PutIOOAuthHelper.m */; };
		60A1B19815287343002A6A7E /* ModalZoomView.m in Sources */ = {isa = PBXBuildFile; fileRef = 60A1B19715287343002A6A7E /* ModalZoomView.m */; };
		60A1B1B01528788E002A6A7E /* FileInfoViewController.m in Sources */ = {isa = PBXBuildFile; fileRef = 60A1B1AF1528788E002A6A7E /* FileInfoViewController.m */; };
		60A7A6B5151F6E0D00DB71E0 /* ORSimpleProgress.m in Sources */ = {isa = PBXBuildFile; fileRef = 60A7A6B4151F6E0D00DB71E0 /* ORSimpleProgress.m */; };
		60A7A6C6151FBA9900DB71E0 /* PutIONetworkConstants.m in Sources */ = {isa = PBXBuildFile; fileRef = 60A7A6C5151FBA9900DB71E0 /* PutIONetworkConstants.m */; };
		60A7A6D0151FD2A100DB71E0 /* File.m in Sources */ = {isa = PBXBuildFile; fileRef = 60A7A6CF151FD2A100DB71E0 /* File.m */; };
		60A7A6D4151FD34700DB71E0 /* NSManagedObject+ActiveRecord.m in Sources */ = {isa = PBXBuildFile; fileRef = 60A7A6D3151FD34700DB71E0 /* NSManagedObject+ActiveRecord.m */; settings = {COMPILER_FLAGS = "-fno-objc-arc"; }; };
		60A7AB1515290771009DD716 /* Transfer.m in Sources */ = {isa = PBXBuildFile; fileRef = 60A7AB1415290771009DD716 /* Transfer.m */; };
		60A7AB1815290D90009DD716 /* ARTransferCell.m in Sources */ = {isa = PBXBuildFile; fileRef = 60A7AB1715290D90009DD716 /* ARTransferCell.m */; };
		60A7AB3015291404009DD716 /* Message.m in Sources */ = {isa = PBXBuildFile; fileRef = 60A7AB2F15291404009DD716 /* Message.m */; };
		60A7AB33152916BA009DD716 /* ORMessageCell.m in Sources */ = {isa = PBXBuildFile; fileRef = 60A7AB32152916BA009DD716 /* ORMessageCell.m */; };
		60AB50D3151F650A00473448 /* UIColor+PutioColours.m in Sources */ = {isa = PBXBuildFile; fileRef = 60AB50D2151F650A00473448 /* UIColor+PutioColours.m */; };
		60B1A935151E157F00FBCD27 /* V2PutIOAPIClient.m in Sources */ = {isa = PBXBuildFile; fileRef = 60B1A934151E157F00FBCD27 /* V2PutIOAPIClient.m */; };
		60B326E81528A55C00462AA8 /* Analytics.m in Sources */ = {isa = PBXBuildFile; fileRef = 60B326E71528A55C00462AA8 /* Analytics.m */; };
		60B326F51528A6D200462AA8 /* libz.dylib in Frameworks */ = {isa = PBXBuildFile; fileRef = 60B326F41528A6D200462AA8 /* libz.dylib */; };
		60BD4F47151C701300DCD686 /* PutIOClient.m in Sources */ = {isa = PBXBuildFile; fileRef = 60BD4F46151C701300DCD686 /* PutIOClient.m */; };
		60C04EA51571489600C23AB5 /* VideoFileController.m in Sources */ = {isa = PBXBuildFile; fileRef = 60C04EA41571489600C23AB5 /* VideoFileController.m */; };
		60C04EA915715AFE00C23AB5 /* ComicFileController.mm in Sources */ = {isa = PBXBuildFile; fileRef = 60C04EA815715AFE00C23AB5 /* ComicFileController.mm */; };
		60C04EAC15715C5B00C23AB5 /* BaseFileController.m in Sources */ = {isa = PBXBuildFile; fileRef = 60C04EAB15715C5B00C23AB5 /* BaseFileController.m */; };
		60C04ED9157211A800C23AB5 /* libMiniZip.a in Frameworks */ = {isa = PBXBuildFile; fileRef = 60C04ED81572119D00C23AB5 /* libMiniZip.a */; };
		60C04EDA157211A800C23AB5 /* libUnRAR.a in Frameworks */ = {isa = PBXBuildFile; fileRef = 60C04ECF1572119900C23AB5 /* libUnRAR.a */; };
		60C04F0815722E6700C23AB5 /* FGalleryPhoto.m in Sources */ = {isa = PBXBuildFile; fileRef = 60C04F0315722E6700C23AB5 /* FGalleryPhoto.m */; };
		60C04F0915722E6700C23AB5 /* FGalleryPhotoView.m in Sources */ = {isa = PBXBuildFile; fileRef = 60C04F0515722E6700C23AB5 /* FGalleryPhotoView.m */; };
		60C04F0A15722E6700C23AB5 /* FGalleryViewController.m in Sources */ = {isa = PBXBuildFile; fileRef = 60C04F0715722E6700C23AB5 /* FGalleryViewController.m */; };
		60C04F0C15722E9E00C23AB5 /* QuartzCore.framework in Frameworks */ = {isa = PBXBuildFile; fileRef = 60C04F0B15722E9E00C23AB5 /* QuartzCore.framework */; };
		60C04F1F1572418C00C23AB5 /* libTestFlight.a in Frameworks */ = {isa = PBXBuildFile; fileRef = 60C04F1E1572418B00C23AB5 /* libTestFlight.a */; };
		60D9B7EB1535C30F00A64E0F /* SearchResult.m in Sources */ = {isa = PBXBuildFile; fileRef = 60D9B7EA1535C30F00A64E0F /* SearchResult.m */; };
		60D9B7EE1535C67300A64E0F /* ORSearchCell.m in Sources */ = {isa = PBXBuildFile; fileRef = 60D9B7ED1535C67300A64E0F /* ORSearchCell.m */; };
		60DB0AB4151C670800DA8A33 /* OAuthViewController.m in Sources */ = {isa = PBXBuildFile; fileRef = 60DB0AB3151C670800DA8A33 /* OAuthViewController.m */; };
		60F00EBA152BAC1800DA9230 /* AssetsLibrary.framework in Frameworks */ = {isa = PBXBuildFile; fileRef = 60F00EB9152BAC1800DA9230 /* AssetsLibrary.framework */; };
		60F023861528AB55003491E4 /* icon72.png in Resources */ = {isa = PBXBuildFile; fileRef = 60F023851528AB55003491E4 /* icon72.png */; };
		60F023881528AB5F003491E4 /* icon144.png in Resources */ = {isa = PBXBuildFile; fileRef = 60F023871528AB5F003491E4 /* icon144.png */; };
		60F4ECC0152B902C00A9A627 /* FileSizeUtils.m in Sources */ = {isa = PBXBuildFile; fileRef = 60F4ECBF152B902C00A9A627 /* FileSizeUtils.m */; };
		60F5AD6115224DF400DD7A6F /* ORImageViewCell.m in Sources */ = {isa = PBXBuildFile; fileRef = 60F5AD6015224DF400DD7A6F /* ORImageViewCell.m */; };
		60F5AD781522739D00DD7A6F /* MediaPlayer.framework in Frameworks */ = {isa = PBXBuildFile; fileRef = 60F5AD771522739D00DD7A6F /* MediaPlayer.framework */; };
		60F5AD7B1522777600DD7A6F /* MoviePlayer.m in Sources */ = {isa = PBXBuildFile; fileRef = 60F5AD7A1522777600DD7A6F /* MoviePlayer.m */; };
		60FE125E156C29DC000A0EB4 /* ORFlatButton.m in Sources */ = {isa = PBXBuildFile; fileRef = 60FE125D156C29DC000A0EB4 /* ORFlatButton.m */; };
		60FE47BB152EA0D6008A5752 /* ThreeColumnViewManager.m in Sources */ = {isa = PBXBuildFile; fileRef = 60FE47BA152EA0D6008A5752 /* ThreeColumnViewManager.m */; };
/* End PBXBuildFile section */

/* Begin PBXContainerItemProxy section */
		60C04ECE1572119900C23AB5 /* PBXContainerItemProxy */ = {
			isa = PBXContainerItemProxy;
			containerPortal = 60C04EC71572119900C23AB5 /* UnRAR.xcodeproj */;
			proxyType = 2;
			remoteGlobalIDString = D2AAC07E0554694100DB518D;
			remoteInfo = UnRAR;
		};
		60C04ED71572119D00C23AB5 /* PBXContainerItemProxy */ = {
			isa = PBXContainerItemProxy;
			containerPortal = 60C04ED01572119D00C23AB5 /* MiniZip.xcodeproj */;
			proxyType = 2;
			remoteGlobalIDString = D2AAC07E0554694100DB518D;
			remoteInfo = MiniZip;
		};
/* End PBXContainerItemProxy section */

/* Begin PBXFileReference section */
		600104D21524F9CB005F5B33 /* Folder.h */ = {isa = PBXFileReference; fileEncoding = 4; lastKnownFileType = sourcecode.c.h; name = Folder.h; path = Models/Folder.h; sourceTree = "<group>"; };
		600104D31524F9CB005F5B33 /* Folder.m */ = {isa = PBXFileReference; fileEncoding = 4; lastKnownFileType = sourcecode.c.objc; name = Folder.m; path = Models/Folder.m; sourceTree = "<group>"; };
		6001050A1525025A005F5B33 /* ORDisplayItemProtocol.h */ = {isa = PBXFileReference; lastKnownFileType = sourcecode.c.h; name = ORDisplayItemProtocol.h; path = Protocols/ORDisplayItemProtocol.h; sourceTree = "<group>"; };
		600641F9151F24AF00EF85F9 /* StatusViewController.h */ = {isa = PBXFileReference; fileEncoding = 4; lastKnownFileType = sourcecode.c.h; name = StatusViewController.h; path = ViewControllers/StatusViewController.h; sourceTree = "<group>"; };
		600641FA151F24AF00EF85F9 /* StatusViewController.m */ = {isa = PBXFileReference; fileEncoding = 4; lastKnownFileType = sourcecode.c.objc; name = StatusViewController.m; path = ViewControllers/StatusViewController.m; sourceTree = "<group>"; };
		600641FD151F24C100EF85F9 /* SearchViewController.h */ = {isa = PBXFileReference; fileEncoding = 4; lastKnownFileType = sourcecode.c.h; name = SearchViewController.h; path = ViewControllers/SearchViewController.h; sourceTree = "<group>"; };
		600641FE151F24C100EF85F9 /* SearchViewController.m */ = {isa = PBXFileReference; fileEncoding = 4; lastKnownFileType = sourcecode.c.objc; name = SearchViewController.m; path = ViewControllers/SearchViewController.m; sourceTree = "<group>"; };
		60064200151F24CD00EF85F9 /* BrowsingViewController.h */ = {isa = PBXFileReference; fileEncoding = 4; lastKnownFileType = sourcecode.c.h; path = BrowsingViewController.h; sourceTree = "<group>"; };
		60064201151F24CD00EF85F9 /* BrowsingViewController.m */ = {isa = PBXFileReference; fileEncoding = 4; lastKnownFileType = sourcecode.c.objc; path = BrowsingViewController.m; sourceTree = "<group>"; };
		60064203151F24DA00EF85F9 /* RootViewController.h */ = {isa = PBXFileReference; fileEncoding = 4; lastKnownFileType = sourcecode.c.h; path = RootViewController.h; sourceTree = "<group>"; };
		60064204151F24DA00EF85F9 /* RootViewController.m */ = {isa = PBXFileReference; fileEncoding = 4; lastKnownFileType = sourcecode.c.objc; path = RootViewController.m; sourceTree = "<group>"; };
		601205381538CF2600052D89 /* mininova.json */ = {isa = PBXFileReference; fileEncoding = 4; lastKnownFileType = text.json; path = mininova.json; sourceTree = "<group>"; };
		6012053A1538CF5600052D89 /* isohunt.json */ = {isa = PBXFileReference; fileEncoding = 4; lastKnownFileType = text.json; path = isohunt.json; sourceTree = "<group>"; };
		6043D0EB1562F529002193B3 /* ORMoviePlayerController.h */ = {isa = PBXFileReference; fileEncoding = 4; lastKnownFileType = sourcecode.c.h; name = ORMoviePlayerController.h; path = ViewControllers/ORMoviePlayerController.h; sourceTree = "<group>"; };
		6043D0EC1562F529002193B3 /* ORMoviePlayerController.m */ = {isa = PBXFileReference; fileEncoding = 4; lastKnownFileType = sourcecode.c.objc; name = ORMoviePlayerController.m; path = ViewControllers/ORMoviePlayerController.m; sourceTree = "<group>"; };
		6043D0EE1562F5F4002193B3 /* AVFoundation.framework */ = {isa = PBXFileReference; lastKnownFileType = wrapper.framework; name = AVFoundation.framework; path = System/Library/Frameworks/AVFoundation.framework; sourceTree = SDKROOT; };
		6064D89915398E4600E454E5 /* SearchController.h */ = {isa = PBXFileReference; fileEncoding = 4; lastKnownFileType = sourcecode.c.h; name = SearchController.h; path = Utils/SearchController.h; sourceTree = "<group>"; };
		6064D89A15398E4600E454E5 /* SearchController.m */ = {isa = PBXFileReference; fileEncoding = 4; lastKnownFileType = sourcecode.c.objc; name = SearchController.m; path = Utils/SearchController.m; sourceTree = "<group>"; };
		6064D8B115399D8A00E454E5 /* NSString+StripHTML.h */ = {isa = PBXFileReference; fileEncoding = 4; lastKnownFileType = sourcecode.c.h; name = "NSString+StripHTML.h"; path = "Categories/NSString+StripHTML.h"; sourceTree = "<group>"; };
		6064D8B215399D8B00E454E5 /* NSString+StripHTML.m */ = {isa = PBXFileReference; fileEncoding = 4; lastKnownFileType = sourcecode.c.objc; name = "NSString+StripHTML.m"; path = "Categories/NSString+StripHTML.m"; sourceTree = "<group>"; };
		606C79A2152F508E00608C56 /* ORDefaults.h */ = {isa = PBXFileReference; fileEncoding = 4; lastKnownFileType = sourcecode.c.h; name = ORDefaults.h; path = Utils/ORDefaults.h; sourceTree = "<group>"; };
		606C79A3152F508E00608C56 /* ORDefaults.m */ = {isa = PBXFileReference; fileEncoding = 4; lastKnownFileType = sourcecode.c.objc; name = ORDefaults.m; path = Utils/ORDefaults.m; sourceTree = "<group>"; };
		606C79A6152F5ACE00608C56 /* Tab.png */ = {isa = PBXFileReference; lastKnownFileType = image.png; path = Tab.png; sourceTree = "<group>"; };
		606C79A7152F5ACE00608C56 /* TabActive.png */ = {isa = PBXFileReference; lastKnownFileType = image.png; path = TabActive.png; sourceTree = "<group>"; };
		606C79A8152F5ACE00608C56 /* TabActive@2x.png */ = {isa = PBXFileReference; lastKnownFileType = image.png; path = "TabActive@2x.png"; sourceTree = "<group>"; };
		606C79A9152F5ACE00608C56 /* Tab@2x.png */ = {isa = PBXFileReference; lastKnownFileType = image.png; path = "Tab@2x.png"; sourceTree = "<group>"; };
		606C79AE1530A4B100608C56 /* NSDictionary+ObjectForKey.h */ = {isa = PBXFileReference; fileEncoding = 4; lastKnownFileType = sourcecode.c.h; name = "NSDictionary+ObjectForKey.h"; path = "Categories/NSDictionary+ObjectForKey.h"; sourceTree = "<group>"; };
		606C79AF1530A4B100608C56 /* NSDictionary+ObjectForKey.m */ = {isa = PBXFileReference; fileEncoding = 4; lastKnownFileType = sourcecode.c.objc; name = "NSDictionary+ObjectForKey.m"; path = "Categories/NSDictionary+ObjectForKey.m"; sourceTree = "<group>"; };
		6080699B1574054F0070BF86 /* GMGridView-Constants.h */ = {isa = PBXFileReference; fileEncoding = 4; lastKnownFileType = sourcecode.c.h; path = "GMGridView-Constants.h"; sourceTree = "<group>"; };
		6080699C1574054F0070BF86 /* GMGridView.h */ = {isa = PBXFileReference; fileEncoding = 4; lastKnownFileType = sourcecode.c.h; path = GMGridView.h; sourceTree = "<group>"; };
		6080699D1574054F0070BF86 /* GMGridView.m */ = {isa = PBXFileReference; fileEncoding = 4; lastKnownFileType = sourcecode.c.objc; path = GMGridView.m; sourceTree = "<group>"; };
		608069A11574054F0070BF86 /* GMGridViewCell+Extended.h */ = {isa = PBXFileReference; fileEncoding = 4; lastKnownFileType = sourcecode.c.h; path = "GMGridViewCell+Extended.h"; sourceTree = "<group>"; };
		608069A21574054F0070BF86 /* GMGridViewCell.h */ = {isa = PBXFileReference; fileEncoding = 4; lastKnownFileType = sourcecode.c.h; path = GMGridViewCell.h; sourceTree = "<group>"; };
		608069A31574054F0070BF86 /* GMGridViewCell.m */ = {isa = PBXFileReference; fileEncoding = 4; lastKnownFileType = sourcecode.c.objc; path = GMGridViewCell.m; sourceTree = "<group>"; };
		608069A41574054F0070BF86 /* GMGridViewLayoutStrategies.h */ = {isa = PBXFileReference; fileEncoding = 4; lastKnownFileType = sourcecode.c.h; path = GMGridViewLayoutStrategies.h; sourceTree = "<group>"; };
		608069A51574054F0070BF86 /* GMGridViewLayoutStrategies.m */ = {isa = PBXFileReference; fileEncoding = 4; lastKnownFileType = sourcecode.c.objc; path = GMGridViewLayoutStrategies.m; sourceTree = "<group>"; };
		608069A61574054F0070BF86 /* UIGestureRecognizer+GMGridViewAdditions.h */ = {isa = PBXFileReference; fileEncoding = 4; lastKnownFileType = sourcecode.c.h; path = "UIGestureRecognizer+GMGridViewAdditions.h"; sourceTree = "<group>"; };
		608069A71574054F0070BF86 /* UIGestureRecognizer+GMGridViewAdditions.m */ = {isa = PBXFileReference; fileEncoding = 4; lastKnownFileType = sourcecode.c.objc; path = "UIGestureRecognizer+GMGridViewAdditions.m"; sourceTree = "<group>"; };
		608069A81574054F0070BF86 /* UIView+GMGridViewAdditions.h */ = {isa = PBXFileReference; fileEncoding = 4; lastKnownFileType = sourcecode.c.h; path = "UIView+GMGridViewAdditions.h"; sourceTree = "<group>"; };
		608069A91574054F0070BF86 /* UIView+GMGridViewAdditions.m */ = {isa = PBXFileReference; fileEncoding = 4; lastKnownFileType = sourcecode.c.objc; path = "UIView+GMGridViewAdditions.m"; sourceTree = "<group>"; };
		6085D223151B99490068929C /* Puttio.app */ = {isa = PBXFileReference; explicitFileType = wrapper.application; includeInIndex = 0; path = Puttio.app; sourceTree = BUILT_PRODUCTS_DIR; };
		6085D227151B99490068929C /* UIKit.framework */ = {isa = PBXFileReference; lastKnownFileType = wrapper.framework; name = UIKit.framework; path = System/Library/Frameworks/UIKit.framework; sourceTree = SDKROOT; };
		6085D229151B99490068929C /* Foundation.framework */ = {isa = PBXFileReference; lastKnownFileType = wrapper.framework; name = Foundation.framework; path = System/Library/Frameworks/Foundation.framework; sourceTree = SDKROOT; };
		6085D22B151B99490068929C /* CoreGraphics.framework */ = {isa = PBXFileReference; lastKnownFileType = wrapper.framework; name = CoreGraphics.framework; path = System/Library/Frameworks/CoreGraphics.framework; sourceTree = SDKROOT; };
		6085D22D151B99490068929C /* CoreData.framework */ = {isa = PBXFileReference; lastKnownFileType = wrapper.framework; name = CoreData.framework; path = System/Library/Frameworks/CoreData.framework; sourceTree = SDKROOT; };
		6085D231151B99490068929C /* Puttio-Info.plist */ = {isa = PBXFileReference; lastKnownFileType = text.plist.xml; path = "Puttio-Info.plist"; sourceTree = "<group>"; };
		6085D233151B99490068929C /* en */ = {isa = PBXFileReference; lastKnownFileType = text.plist.strings; name = en; path = en.lproj/InfoPlist.strings; sourceTree = "<group>"; };
		6085D235151B99490068929C /* main.m */ = {isa = PBXFileReference; lastKnownFileType = sourcecode.c.objc; path = main.m; sourceTree = "<group>"; };
		6085D237151B99490068929C /* Puttio-Prefix.pch */ = {isa = PBXFileReference; lastKnownFileType = sourcecode.c.h; path = "Puttio-Prefix.pch"; sourceTree = "<group>"; };
		6085D238151B99490068929C /* ORAppDelegate.h */ = {isa = PBXFileReference; lastKnownFileType = sourcecode.c.h; path = ORAppDelegate.h; sourceTree = "<group>"; };
		6085D239151B99490068929C /* ORAppDelegate.m */ = {isa = PBXFileReference; lastKnownFileType = sourcecode.c.objc; path = ORAppDelegate.m; sourceTree = "<group>"; };
		6085D23C151B99490068929C /* en */ = {isa = PBXFileReference; lastKnownFileType = file.storyboard; name = en; path = en.lproj/MainStoryboard.storyboard; sourceTree = "<group>"; };
		6085D23F151B99490068929C /* Puttio.xcdatamodel */ = {isa = PBXFileReference; lastKnownFileType = wrapper.xcdatamodel; path = Puttio.xcdatamodel; sourceTree = "<group>"; };
		6085D258151B9CEF0068929C /* AFHTTPClient.h */ = {isa = PBXFileReference; fileEncoding = 4; lastKnownFileType = sourcecode.c.h; path = AFHTTPClient.h; sourceTree = "<group>"; };
		6085D259151B9CEF0068929C /* AFHTTPClient.m */ = {isa = PBXFileReference; fileEncoding = 4; lastKnownFileType = sourcecode.c.objc; path = AFHTTPClient.m; sourceTree = "<group>"; };
		6085D25A151B9CEF0068929C /* AFHTTPRequestOperation.h */ = {isa = PBXFileReference; fileEncoding = 4; lastKnownFileType = sourcecode.c.h; path = AFHTTPRequestOperation.h; sourceTree = "<group>"; };
		6085D25B151B9CEF0068929C /* AFHTTPRequestOperation.m */ = {isa = PBXFileReference; fileEncoding = 4; lastKnownFileType = sourcecode.c.objc; path = AFHTTPRequestOperation.m; sourceTree = "<group>"; };
		6085D25C151B9CEF0068929C /* AFImageRequestOperation.h */ = {isa = PBXFileReference; fileEncoding = 4; lastKnownFileType = sourcecode.c.h; path = AFImageRequestOperation.h; sourceTree = "<group>"; };
		6085D25D151B9CEF0068929C /* AFImageRequestOperation.m */ = {isa = PBXFileReference; fileEncoding = 4; lastKnownFileType = sourcecode.c.objc; path = AFImageRequestOperation.m; sourceTree = "<group>"; };
		6085D25E151B9CEF0068929C /* AFJSONRequestOperation.h */ = {isa = PBXFileReference; fileEncoding = 4; lastKnownFileType = sourcecode.c.h; path = AFJSONRequestOperation.h; sourceTree = "<group>"; };
		6085D25F151B9CEF0068929C /* AFJSONRequestOperation.m */ = {isa = PBXFileReference; fileEncoding = 4; lastKnownFileType = sourcecode.c.objc; path = AFJSONRequestOperation.m; sourceTree = "<group>"; };
		6085D260151B9CEF0068929C /* AFJSONUtilities.h */ = {isa = PBXFileReference; fileEncoding = 4; lastKnownFileType = sourcecode.c.h; path = AFJSONUtilities.h; sourceTree = "<group>"; };
		6085D261151B9CEF0068929C /* AFJSONUtilities.m */ = {isa = PBXFileReference; fileEncoding = 4; lastKnownFileType = sourcecode.c.objc; path = AFJSONUtilities.m; sourceTree = "<group>"; };
		6085D262151B9CEF0068929C /* AFNetworkActivityIndicatorManager.h */ = {isa = PBXFileReference; fileEncoding = 4; lastKnownFileType = sourcecode.c.h; path = AFNetworkActivityIndicatorManager.h; sourceTree = "<group>"; };
		6085D263151B9CEF0068929C /* AFNetworkActivityIndicatorManager.m */ = {isa = PBXFileReference; fileEncoding = 4; lastKnownFileType = sourcecode.c.objc; path = AFNetworkActivityIndicatorManager.m; sourceTree = "<group>"; };
		6085D264151B9CEF0068929C /* AFNetworking.h */ = {isa = PBXFileReference; fileEncoding = 4; lastKnownFileType = sourcecode.c.h; path = AFNetworking.h; sourceTree = "<group>"; };
		6085D265151B9CEF0068929C /* AFPropertyListRequestOperation.h */ = {isa = PBXFileReference; fileEncoding = 4; lastKnownFileType = sourcecode.c.h; path = AFPropertyListRequestOperation.h; sourceTree = "<group>"; };
		6085D266151B9CEF0068929C /* AFPropertyListRequestOperation.m */ = {isa = PBXFileReference; fileEncoding = 4; lastKnownFileType = sourcecode.c.objc; path = AFPropertyListRequestOperation.m; sourceTree = "<group>"; };
		6085D267151B9CEF0068929C /* AFURLConnectionOperation.h */ = {isa = PBXFileReference; fileEncoding = 4; lastKnownFileType = sourcecode.c.h; path = AFURLConnectionOperation.h; sourceTree = "<group>"; };
		6085D268151B9CEF0068929C /* AFURLConnectionOperation.m */ = {isa = PBXFileReference; fileEncoding = 4; lastKnownFileType = sourcecode.c.objc; path = AFURLConnectionOperation.m; sourceTree = "<group>"; };
		6085D269151B9CEF0068929C /* AFXMLRequestOperation.h */ = {isa = PBXFileReference; fileEncoding = 4; lastKnownFileType = sourcecode.c.h; path = AFXMLRequestOperation.h; sourceTree = "<group>"; };
		6085D26A151B9CEF0068929C /* AFXMLRequestOperation.m */ = {isa = PBXFileReference; fileEncoding = 4; lastKnownFileType = sourcecode.c.objc; path = AFXMLRequestOperation.m; sourceTree = "<group>"; };
		6085D26B151B9CEF0068929C /* UIImageView+AFNetworking.h */ = {isa = PBXFileReference; fileEncoding = 4; lastKnownFileType = sourcecode.c.h; path = "UIImageView+AFNetworking.h"; sourceTree = "<group>"; };
		6085D26C151B9CEF0068929C /* UIImageView+AFNetworking.m */ = {isa = PBXFileReference; fileEncoding = 4; lastKnownFileType = sourcecode.c.objc; path = "UIImageView+AFNetworking.m"; sourceTree = "<group>"; };
		6085D277151B9DBA0068929C /* V1PutIOAPIClient.h */ = {isa = PBXFileReference; fileEncoding = 4; lastKnownFileType = sourcecode.c.h; name = V1PutIOAPIClient.h; path = Utils/V1PutIOAPIClient.h; sourceTree = "<group>"; };
		6085D278151B9DBA0068929C /* V1PutIOAPIClient.m */ = {isa = PBXFileReference; fileEncoding = 4; lastKnownFileType = sourcecode.c.objc; name = V1PutIOAPIClient.m; path = Utils/V1PutIOAPIClient.m; sourceTree = "<group>"; };
		6085D27D151BA3AF0068929C /* NSDictionary+JSON.h */ = {isa = PBXFileReference; fileEncoding = 4; lastKnownFileType = sourcecode.c.h; path = "NSDictionary+JSON.h"; sourceTree = "<group>"; };
		6085D27E151BA3AF0068929C /* NSDictionary+JSON.m */ = {isa = PBXFileReference; fileEncoding = 4; lastKnownFileType = sourcecode.c.objc; path = "NSDictionary+JSON.m"; sourceTree = "<group>"; };
		6085D295151BAB230068929C /* Constants.h */ = {isa = PBXFileReference; fileEncoding = 4; lastKnownFileType = sourcecode.c.h; path = Constants.h; sourceTree = "<group>"; };
		6085D296151BAB230068929C /* Constants.m */ = {isa = PBXFileReference; fileEncoding = 4; lastKnownFileType = sourcecode.c.objc; path = Constants.m; sourceTree = "<group>"; };
		6096FC19155FF0B1009C524C /* PutIOOAuthHelper.h */ = {isa = PBXFileReference; fileEncoding = 4; lastKnownFileType = sourcecode.c.h; name = PutIOOAuthHelper.h; path = Networking/PutIOOAuthHelper.h; sourceTree = "<group>"; };
		6096FC1A155FF0B1009C524C /* PutIOOAuthHelper.m */ = {isa = PBXFileReference; fileEncoding = 4; lastKnownFileType = sourcecode.c.objc; name = PutIOOAuthHelper.m; path = Networking/PutIOOAuthHelper.m; sourceTree = "<group>"; };
		60A1B19615287343002A6A7E /* ModalZoomView.h */ = {isa = PBXFileReference; fileEncoding = 4; lastKnownFileType = sourcecode.c.h; name = ModalZoomView.h; path = ViewControllers/ModalZoomView.h; sourceTree = "<group>"; };
		60A1B19715287343002A6A7E /* ModalZoomView.m */ = {isa = PBXFileReference; fileEncoding = 4; lastKnownFileType = sourcecode.c.objc; name = ModalZoomView.m; path = ViewControllers/ModalZoomView.m; sourceTree = "<group>"; };
		60A1B1AE1528788E002A6A7E /* FileInfoViewController.h */ = {isa = PBXFileReference; fileEncoding = 4; lastKnownFileType = sourcecode.c.h; name = FileInfoViewController.h; path = ViewControllers/FileInfoViewController.h; sourceTree = "<group>"; };
		60A1B1AF1528788E002A6A7E /* FileInfoViewController.m */ = {isa = PBXFileReference; fileEncoding = 4; lastKnownFileType = sourcecode.c.objc; name = FileInfoViewController.m; path = ViewControllers/FileInfoViewController.m; sourceTree = "<group>"; };
		60A7A6B3151F6E0D00DB71E0 /* ORSimpleProgress.h */ = {isa = PBXFileReference; fileEncoding = 4; lastKnownFileType = sourcecode.c.h; name = ORSimpleProgress.h; path = Views/ORSimpleProgress.h; sourceTree = "<group>"; };
		60A7A6B4151F6E0D00DB71E0 /* ORSimpleProgress.m */ = {isa = PBXFileReference; fileEncoding = 4; lastKnownFileType = sourcecode.c.objc; name = ORSimpleProgress.m; path = Views/ORSimpleProgress.m; sourceTree = "<group>"; };
		60A7A6C3151FBA1D00DB71E0 /* APP_SECRET.h */ = {isa = PBXFileReference; lastKnownFileType = sourcecode.c.h; name = APP_SECRET.h; path = ../APP_SECRET.h; sourceTree = "<group>"; };
		60A7A6C4151FBA9900DB71E0 /* PutIONetworkConstants.h */ = {isa = PBXFileReference; fileEncoding = 4; lastKnownFileType = sourcecode.c.h; name = PutIONetworkConstants.h; path = Networking/PutIONetworkConstants.h; sourceTree = "<group>"; };
		60A7A6C5151FBA9900DB71E0 /* PutIONetworkConstants.m */ = {isa = PBXFileReference; fileEncoding = 4; lastKnownFileType = sourcecode.c.objc; name = PutIONetworkConstants.m; path = Networking/PutIONetworkConstants.m; sourceTree = "<group>"; };
		60A7A6CB151FC1CF00DB71E0 /* APP_SECRET_EX.h */ = {isa = PBXFileReference; lastKnownFileType = sourcecode.c.h; name = APP_SECRET_EX.h; path = ../APP_SECRET_EX.h; sourceTree = "<group>"; };
		60A7A6CE151FD2A100DB71E0 /* File.h */ = {isa = PBXFileReference; fileEncoding = 4; lastKnownFileType = sourcecode.c.h; name = File.h; path = Models/File.h; sourceTree = SOURCE_ROOT; };
		60A7A6CF151FD2A100DB71E0 /* File.m */ = {isa = PBXFileReference; fileEncoding = 4; lastKnownFileType = sourcecode.c.objc; name = File.m; path = Models/File.m; sourceTree = SOURCE_ROOT; };
		60A7A6D2151FD34700DB71E0 /* NSManagedObject+ActiveRecord.h */ = {isa = PBXFileReference; fileEncoding = 4; lastKnownFileType = sourcecode.c.h; path = "NSManagedObject+ActiveRecord.h"; sourceTree = "<group>"; };
		60A7A6D3151FD34700DB71E0 /* NSManagedObject+ActiveRecord.m */ = {isa = PBXFileReference; fileEncoding = 4; lastKnownFileType = sourcecode.c.objc; path = "NSManagedObject+ActiveRecord.m"; sourceTree = "<group>"; };
		60A7AB1315290771009DD716 /* Transfer.h */ = {isa = PBXFileReference; fileEncoding = 4; lastKnownFileType = sourcecode.c.h; name = Transfer.h; path = Models/Transfer.h; sourceTree = "<group>"; };
		60A7AB1415290771009DD716 /* Transfer.m */ = {isa = PBXFileReference; fileEncoding = 4; lastKnownFileType = sourcecode.c.objc; name = Transfer.m; path = Models/Transfer.m; sourceTree = "<group>"; };
		60A7AB1615290D90009DD716 /* ARTransferCell.h */ = {isa = PBXFileReference; fileEncoding = 4; lastKnownFileType = sourcecode.c.h; name = ARTransferCell.h; path = Views/ARTransferCell.h; sourceTree = "<group>"; };
		60A7AB1715290D90009DD716 /* ARTransferCell.m */ = {isa = PBXFileReference; fileEncoding = 4; lastKnownFileType = sourcecode.c.objc; name = ARTransferCell.m; path = Views/ARTransferCell.m; sourceTree = "<group>"; };
		60A7AB2E15291403009DD716 /* Message.h */ = {isa = PBXFileReference; fileEncoding = 4; lastKnownFileType = sourcecode.c.h; name = Message.h; path = Models/Message.h; sourceTree = "<group>"; };
		60A7AB2F15291404009DD716 /* Message.m */ = {isa = PBXFileReference; fileEncoding = 4; lastKnownFileType = sourcecode.c.objc; name = Message.m; path = Models/Message.m; sourceTree = "<group>"; };
		60A7AB31152916BA009DD716 /* ORMessageCell.h */ = {isa = PBXFileReference; fileEncoding = 4; lastKnownFileType = sourcecode.c.h; name = ORMessageCell.h; path = Views/ORMessageCell.h; sourceTree = "<group>"; };
		60A7AB32152916BA009DD716 /* ORMessageCell.m */ = {isa = PBXFileReference; fileEncoding = 4; lastKnownFileType = sourcecode.c.objc; name = ORMessageCell.m; path = Views/ORMessageCell.m; sourceTree = "<group>"; };
		60AB50D1151F650A00473448 /* UIColor+PutioColours.h */ = {isa = PBXFileReference; fileEncoding = 4; lastKnownFileType = sourcecode.c.h; name = "UIColor+PutioColours.h"; path = "Categories/UIColor+PutioColours.h"; sourceTree = "<group>"; };
		60AB50D2151F650A00473448 /* UIColor+PutioColours.m */ = {isa = PBXFileReference; fileEncoding = 4; lastKnownFileType = sourcecode.c.objc; name = "UIColor+PutioColours.m"; path = "Categories/UIColor+PutioColours.m"; sourceTree = "<group>"; };
		60B1A933151E157E00FBCD27 /* V2PutIOAPIClient.h */ = {isa = PBXFileReference; fileEncoding = 4; lastKnownFileType = sourcecode.c.h; name = V2PutIOAPIClient.h; path = Networking/V2PutIOAPIClient.h; sourceTree = "<group>"; };
		60B1A934151E157F00FBCD27 /* V2PutIOAPIClient.m */ = {isa = PBXFileReference; fileEncoding = 4; lastKnownFileType = sourcecode.c.objc; name = V2PutIOAPIClient.m; path = Networking/V2PutIOAPIClient.m; sourceTree = "<group>"; };
		60B326E61528A55C00462AA8 /* Analytics.h */ = {isa = PBXFileReference; fileEncoding = 4; lastKnownFileType = sourcecode.c.h; name = Analytics.h; path = Utils/Analytics.h; sourceTree = "<group>"; };
		60B326E71528A55C00462AA8 /* Analytics.m */ = {isa = PBXFileReference; fileEncoding = 4; lastKnownFileType = sourcecode.c.objc; name = Analytics.m; path = Utils/Analytics.m; sourceTree = "<group>"; };
		60B326F41528A6D200462AA8 /* libz.dylib */ = {isa = PBXFileReference; lastKnownFileType = "compiled.mach-o.dylib"; name = libz.dylib; path = usr/lib/libz.dylib; sourceTree = SDKROOT; };
		60BD4F45151C701300DCD686 /* PutIOClient.h */ = {isa = PBXFileReference; fileEncoding = 4; lastKnownFileType = sourcecode.c.h; name = PutIOClient.h; path = Networking/PutIOClient.h; sourceTree = "<group>"; };
		60BD4F46151C701300DCD686 /* PutIOClient.m */ = {isa = PBXFileReference; fileEncoding = 4; lastKnownFileType = sourcecode.c.objc; name = PutIOClient.m; path = Networking/PutIOClient.m; sourceTree = "<group>"; };
		60C04EA31571489600C23AB5 /* VideoFileController.h */ = {isa = PBXFileReference; fileEncoding = 4; lastKnownFileType = sourcecode.c.h; name = VideoFileController.h; path = FileController/VideoFileController.h; sourceTree = "<group>"; };
		60C04EA41571489600C23AB5 /* VideoFileController.m */ = {isa = PBXFileReference; fileEncoding = 4; lastKnownFileType = sourcecode.c.objc; name = VideoFileController.m; path = FileController/VideoFileController.m; sourceTree = "<group>"; };
		60C04EA6157148B000C23AB5 /* FileController.h */ = {isa = PBXFileReference; lastKnownFileType = sourcecode.c.h; name = FileController.h; path = Protocols/FileController.h; sourceTree = "<group>"; };
		60C04EA715715AFE00C23AB5 /* ComicFileController.h */ = {isa = PBXFileReference; fileEncoding = 4; lastKnownFileType = sourcecode.c.h; name = ComicFileController.h; path = FileController/ComicFileController.h; sourceTree = "<group>"; };
		60C04EA815715AFE00C23AB5 /* ComicFileController.mm */ = {isa = PBXFileReference; fileEncoding = 4; lastKnownFileType = sourcecode.cpp.objcpp; name = ComicFileController.mm; path = FileController/ComicFileController.mm; sourceTree = "<group>"; };
		60C04EAA15715C5B00C23AB5 /* BaseFileController.h */ = {isa = PBXFileReference; fileEncoding = 4; lastKnownFileType = sourcecode.c.h; name = BaseFileController.h; path = FileController/BaseFileController.h; sourceTree = "<group>"; };
		60C04EAB15715C5B00C23AB5 /* BaseFileController.m */ = {isa = PBXFileReference; fileEncoding = 4; lastKnownFileType = sourcecode.c.objc; name = BaseFileController.m; path = FileController/BaseFileController.m; sourceTree = "<group>"; };
		60C04EC71572119900C23AB5 /* UnRAR.xcodeproj */ = {isa = PBXFileReference; lastKnownFileType = "wrapper.pb-project"; name = UnRAR.xcodeproj; path = vendor/UnRAR/UnRAR.xcodeproj; sourceTree = SOURCE_ROOT; };
		60C04ED01572119D00C23AB5 /* MiniZip.xcodeproj */ = {isa = PBXFileReference; lastKnownFileType = "wrapper.pb-project"; name = MiniZip.xcodeproj; path = vendor/MiniZip/MiniZip.xcodeproj; sourceTree = SOURCE_ROOT; };
		60C04F0215722E6700C23AB5 /* FGalleryPhoto.h */ = {isa = PBXFileReference; fileEncoding = 4; lastKnownFileType = sourcecode.c.h; path = FGalleryPhoto.h; sourceTree = "<group>"; };
		60C04F0315722E6700C23AB5 /* FGalleryPhoto.m */ = {isa = PBXFileReference; fileEncoding = 4; lastKnownFileType = sourcecode.c.objc; path = FGalleryPhoto.m; sourceTree = "<group>"; };
		60C04F0415722E6700C23AB5 /* FGalleryPhotoView.h */ = {isa = PBXFileReference; fileEncoding = 4; lastKnownFileType = sourcecode.c.h; path = FGalleryPhotoView.h; sourceTree = "<group>"; };
		60C04F0515722E6700C23AB5 /* FGalleryPhotoView.m */ = {isa = PBXFileReference; fileEncoding = 4; lastKnownFileType = sourcecode.c.objc; path = FGalleryPhotoView.m; sourceTree = "<group>"; };
		60C04F0615722E6700C23AB5 /* FGalleryViewController.h */ = {isa = PBXFileReference; fileEncoding = 4; lastKnownFileType = sourcecode.c.h; path = FGalleryViewController.h; sourceTree = "<group>"; };
		60C04F0715722E6700C23AB5 /* FGalleryViewController.m */ = {isa = PBXFileReference; fileEncoding = 4; lastKnownFileType = sourcecode.c.objc; path = FGalleryViewController.m; sourceTree = "<group>"; };
		60C04F0B15722E9E00C23AB5 /* QuartzCore.framework */ = {isa = PBXFileReference; lastKnownFileType = wrapper.framework; name = QuartzCore.framework; path = System/Library/Frameworks/QuartzCore.framework; sourceTree = SDKROOT; };
		60C04F1E1572418B00C23AB5 /* libTestFlight.a */ = {isa = PBXFileReference; lastKnownFileType = archive.ar; path = libTestFlight.a; sourceTree = "<group>"; };
		60C04F201572419900C23AB5 /* TestFlight.h */ = {isa = PBXFileReference; lastKnownFileType = sourcecode.c.h; path = TestFlight.h; sourceTree = "<group>"; };
		60D9B7E91535C30F00A64E0F /* SearchResult.h */ = {isa = PBXFileReference; fileEncoding = 4; lastKnownFileType = sourcecode.c.h; name = SearchResult.h; path = Models/SearchResult.h; sourceTree = "<group>"; };
		60D9B7EA1535C30F00A64E0F /* SearchResult.m */ = {isa = PBXFileReference; fileEncoding = 4; lastKnownFileType = sourcecode.c.objc; name = SearchResult.m; path = Models/SearchResult.m; sourceTree = "<group>"; };
		60D9B7EC1535C67300A64E0F /* ORSearchCell.h */ = {isa = PBXFileReference; fileEncoding = 4; lastKnownFileType = sourcecode.c.h; name = ORSearchCell.h; path = Views/ORSearchCell.h; sourceTree = "<group>"; };
		60D9B7ED1535C67300A64E0F /* ORSearchCell.m */ = {isa = PBXFileReference; fileEncoding = 4; lastKnownFileType = sourcecode.c.objc; name = ORSearchCell.m; path = Views/ORSearchCell.m; sourceTree = "<group>"; };
		60DB0AB2151C670800DA8A33 /* OAuthViewController.h */ = {isa = PBXFileReference; fileEncoding = 4; lastKnownFileType = sourcecode.c.h; name = OAuthViewController.h; path = Networking/OAuthViewController.h; sourceTree = "<group>"; };
		60DB0AB3151C670800DA8A33 /* OAuthViewController.m */ = {isa = PBXFileReference; fileEncoding = 4; lastKnownFileType = sourcecode.c.objc; name = OAuthViewController.m; path = Networking/OAuthViewController.m; sourceTree = "<group>"; };
		60F00EB9152BAC1800DA9230 /* AssetsLibrary.framework */ = {isa = PBXFileReference; lastKnownFileType = wrapper.framework; name = AssetsLibrary.framework; path = System/Library/Frameworks/AssetsLibrary.framework; sourceTree = SDKROOT; };
		60F023851528AB55003491E4 /* icon72.png */ = {isa = PBXFileReference; lastKnownFileType = image.png; path = icon72.png; sourceTree = "<group>"; };
		60F023871528AB5F003491E4 /* icon144.png */ = {isa = PBXFileReference; lastKnownFileType = image.png; path = icon144.png; sourceTree = "<group>"; };
		60F4ECBE152B902C00A9A627 /* FileSizeUtils.h */ = {isa = PBXFileReference; fileEncoding = 4; lastKnownFileType = sourcecode.c.h; name = FileSizeUtils.h; path = Utils/FileSizeUtils.h; sourceTree = "<group>"; };
		60F4ECBF152B902C00A9A627 /* FileSizeUtils.m */ = {isa = PBXFileReference; fileEncoding = 4; lastKnownFileType = sourcecode.c.objc; name = FileSizeUtils.m; path = Utils/FileSizeUtils.m; sourceTree = "<group>"; };
		60F5AD5F15224DF400DD7A6F /* ORImageViewCell.h */ = {isa = PBXFileReference; fileEncoding = 4; lastKnownFileType = sourcecode.c.h; name = ORImageViewCell.h; path = Views/ORImageViewCell.h; sourceTree = "<group>"; };
		60F5AD6015224DF400DD7A6F /* ORImageViewCell.m */ = {isa = PBXFileReference; fileEncoding = 4; lastKnownFileType = sourcecode.c.objc; name = ORImageViewCell.m; path = Views/ORImageViewCell.m; sourceTree = "<group>"; };
		60F5AD771522739D00DD7A6F /* MediaPlayer.framework */ = {isa = PBXFileReference; lastKnownFileType = wrapper.framework; name = MediaPlayer.framework; path = System/Library/Frameworks/MediaPlayer.framework; sourceTree = SDKROOT; };
		60F5AD791522777600DD7A6F /* MoviePlayer.h */ = {isa = PBXFileReference; fileEncoding = 4; lastKnownFileType = sourcecode.c.h; name = MoviePlayer.h; path = Utils/MoviePlayer.h; sourceTree = "<group>"; };
		60F5AD7A1522777600DD7A6F /* MoviePlayer.m */ = {isa = PBXFileReference; fileEncoding = 4; lastKnownFileType = sourcecode.c.objc; name = MoviePlayer.m; path = Utils/MoviePlayer.m; sourceTree = "<group>"; };
		60FE125C156C29DC000A0EB4 /* ORFlatButton.h */ = {isa = PBXFileReference; fileEncoding = 4; lastKnownFileType = sourcecode.c.h; name = ORFlatButton.h; path = Views/ORFlatButton.h; sourceTree = "<group>"; };
		60FE125D156C29DC000A0EB4 /* ORFlatButton.m */ = {isa = PBXFileReference; fileEncoding = 4; lastKnownFileType = sourcecode.c.objc; name = ORFlatButton.m; path = Views/ORFlatButton.m; sourceTree = "<group>"; };
		60FE47B9152EA0D6008A5752 /* ThreeColumnViewManager.h */ = {isa = PBXFileReference; fileEncoding = 4; lastKnownFileType = sourcecode.c.h; name = ThreeColumnViewManager.h; path = Utils/ThreeColumnViewManager.h; sourceTree = "<group>"; };
		60FE47BA152EA0D6008A5752 /* ThreeColumnViewManager.m */ = {isa = PBXFileReference; fileEncoding = 4; lastKnownFileType = sourcecode.c.objc; name = ThreeColumnViewManager.m; path = Utils/ThreeColumnViewManager.m; sourceTree = "<group>"; };
/* End PBXFileReference section */

/* Begin PBXFrameworksBuildPhase section */
		6085D220151B99490068929C /* Frameworks */ = {
			isa = PBXFrameworksBuildPhase;
			buildActionMask = 2147483647;
			files = (
				60C04F0C15722E9E00C23AB5 /* QuartzCore.framework in Frameworks */,
				60C04ED9157211A800C23AB5 /* libMiniZip.a in Frameworks */,
				60C04EDA157211A800C23AB5 /* libUnRAR.a in Frameworks */,
				6043D0EF1562F5F4002193B3 /* AVFoundation.framework in Frameworks */,
				60F00EBA152BAC1800DA9230 /* AssetsLibrary.framework in Frameworks */,
				60B326F51528A6D200462AA8 /* libz.dylib in Frameworks */,
				60F5AD781522739D00DD7A6F /* MediaPlayer.framework in Frameworks */,
				6085D228151B99490068929C /* UIKit.framework in Frameworks */,
				6085D22A151B99490068929C /* Foundation.framework in Frameworks */,
				6085D22C151B99490068929C /* CoreGraphics.framework in Frameworks */,
				6085D22E151B99490068929C /* CoreData.framework in Frameworks */,
				60C04F1F1572418C00C23AB5 /* libTestFlight.a in Frameworks */,
			);
			runOnlyForDeploymentPostprocessing = 0;
		};
/* End PBXFrameworksBuildPhase section */

/* Begin PBXGroup section */
		600105091525022C005F5B33 /* Protocols */ = {
			isa = PBXGroup;
			children = (
				6001050A1525025A005F5B33 /* ORDisplayItemProtocol.h */,
			);
			name = Protocols;
			sourceTree = "<group>";
		};
		6006420F151F639000EF85F9 /* Views */ = {
			isa = PBXGroup;
			children = (
				60A7A6B3151F6E0D00DB71E0 /* ORSimpleProgress.h */,
				60A7A6B4151F6E0D00DB71E0 /* ORSimpleProgress.m */,
				60F5AD5F15224DF400DD7A6F /* ORImageViewCell.h */,
				60F5AD6015224DF400DD7A6F /* ORImageViewCell.m */,
				60A7AB1615290D90009DD716 /* ARTransferCell.h */,
				60A7AB1715290D90009DD716 /* ARTransferCell.m */,
				60A7AB31152916BA009DD716 /* ORMessageCell.h */,
				60A7AB32152916BA009DD716 /* ORMessageCell.m */,
				60D9B7EC1535C67300A64E0F /* ORSearchCell.h */,
				60D9B7ED1535C67300A64E0F /* ORSearchCell.m */,
				60FE125C156C29DC000A0EB4 /* ORFlatButton.h */,
				60FE125D156C29DC000A0EB4 /* ORFlatButton.m */,
			);
			name = Views;
			sourceTree = "<group>";
		};
		606C79A5152F5AA600608C56 /* Resources */ = {
			isa = PBXGroup;
			children = (
				606C79A6152F5ACE00608C56 /* Tab.png */,
				606C79A7152F5ACE00608C56 /* TabActive.png */,
				606C79A8152F5ACE00608C56 /* TabActive@2x.png */,
				606C79A9152F5ACE00608C56 /* Tab@2x.png */,
				601205381538CF2600052D89 /* mininova.json */,
				6012053A1538CF5600052D89 /* isohunt.json */,
			);
			path = Resources;
			sourceTree = "<group>";
		};
		6080699A1574054F0070BF86 /* GMGridView */ = {
			isa = PBXGroup;
			children = (
				6080699B1574054F0070BF86 /* GMGridView-Constants.h */,
				6080699C1574054F0070BF86 /* GMGridView.h */,
				6080699D1574054F0070BF86 /* GMGridView.m */,
				608069A11574054F0070BF86 /* GMGridViewCell+Extended.h */,
				608069A21574054F0070BF86 /* GMGridViewCell.h */,
				608069A31574054F0070BF86 /* GMGridViewCell.m */,
				608069A41574054F0070BF86 /* GMGridViewLayoutStrategies.h */,
				608069A51574054F0070BF86 /* GMGridViewLayoutStrategies.m */,
				608069A61574054F0070BF86 /* UIGestureRecognizer+GMGridViewAdditions.h */,
				608069A71574054F0070BF86 /* UIGestureRecognizer+GMGridViewAdditions.m */,
				608069A81574054F0070BF86 /* UIView+GMGridViewAdditions.h */,
				608069A91574054F0070BF86 /* UIView+GMGridViewAdditions.m */,
			);
			path = GMGridView;
			sourceTree = "<group>";
		};
		6085D218151B99480068929C = {
			isa = PBXGroup;
			children = (
				60F023871528AB5F003491E4 /* icon144.png */,
				60F023851528AB55003491E4 /* icon72.png */,
				6085D22F151B99490068929C /* Puttio */,
				6085D226151B99490068929C /* Frameworks */,
				6085D224151B99490068929C /* Products */,
			);
			sourceTree = "<group>";
		};
		6085D224151B99490068929C /* Products */ = {
			isa = PBXGroup;
			children = (
				6085D223151B99490068929C /* Puttio.app */,
			);
			name = Products;
			sourceTree = "<group>";
		};
		6085D226151B99490068929C /* Frameworks */ = {
			isa = PBXGroup;
			children = (
				60B326F41528A6D200462AA8 /* libz.dylib */,
				6085D227151B99490068929C /* UIKit.framework */,
				6085D229151B99490068929C /* Foundation.framework */,
				6085D22B151B99490068929C /* CoreGraphics.framework */,
				6085D22D151B99490068929C /* CoreData.framework */,
			);
			name = Frameworks;
			sourceTree = "<group>";
		};
		6085D22F151B99490068929C /* Puttio */ = {
			isa = PBXGroup;
			children = (
				60A7A6CB151FC1CF00DB71E0 /* APP_SECRET_EX.h */,
				60A7A6C3151FBA1D00DB71E0 /* APP_SECRET.h */,
				6085D238151B99490068929C /* ORAppDelegate.h */,
				6085D239151B99490068929C /* ORAppDelegate.m */,
				6085D23B151B99490068929C /* MainStoryboard.storyboard */,
				6085D23E151B99490068929C /* Puttio.xcdatamodeld */,
				60AB50CF151F64DE00473448 /* Categories */,
				600105091525022C005F5B33 /* Protocols */,
				60DB0AB1151C665E00DA8A33 /* Network */,
				60A7A6CD151FD26A00DB71E0 /* Models */,
				6085D27B151B9E550068929C /* View Controllers */,
				60C04EA21571483C00C23AB5 /* File Controllers */,
				6006420F151F639000EF85F9 /* Views */,
				6085D27A151B9E4E0068929C /* Utils */,
				606C79A5152F5AA600608C56 /* Resources */,
				6085D27C151B9E6F0068929C /* Externals */,
				6085D230151B99490068929C /* Supporting Files */,
			);
			path = Puttio;
			sourceTree = "<group>";
		};
		6085D230151B99490068929C /* Supporting Files */ = {
			isa = PBXGroup;
			children = (
				6085D231151B99490068929C /* Puttio-Info.plist */,
				6085D232151B99490068929C /* InfoPlist.strings */,
				6085D235151B99490068929C /* main.m */,
				6085D237151B99490068929C /* Puttio-Prefix.pch */,
			);
			name = "Supporting Files";
			sourceTree = "<group>";
		};
		6085D257151B9CEF0068929C /* AFNetworking */ = {
			isa = PBXGroup;
			children = (
				6085D258151B9CEF0068929C /* AFHTTPClient.h */,
				6085D259151B9CEF0068929C /* AFHTTPClient.m */,
				6085D25A151B9CEF0068929C /* AFHTTPRequestOperation.h */,
				6085D25B151B9CEF0068929C /* AFHTTPRequestOperation.m */,
				6085D25C151B9CEF0068929C /* AFImageRequestOperation.h */,
				6085D25D151B9CEF0068929C /* AFImageRequestOperation.m */,
				6085D25E151B9CEF0068929C /* AFJSONRequestOperation.h */,
				6085D25F151B9CEF0068929C /* AFJSONRequestOperation.m */,
				6085D260151B9CEF0068929C /* AFJSONUtilities.h */,
				6085D261151B9CEF0068929C /* AFJSONUtilities.m */,
				6085D262151B9CEF0068929C /* AFNetworkActivityIndicatorManager.h */,
				6085D263151B9CEF0068929C /* AFNetworkActivityIndicatorManager.m */,
				6085D264151B9CEF0068929C /* AFNetworking.h */,
				6085D265151B9CEF0068929C /* AFPropertyListRequestOperation.h */,
				6085D266151B9CEF0068929C /* AFPropertyListRequestOperation.m */,
				6085D267151B9CEF0068929C /* AFURLConnectionOperation.h */,
				6085D268151B9CEF0068929C /* AFURLConnectionOperation.m */,
				6085D269151B9CEF0068929C /* AFXMLRequestOperation.h */,
				6085D26A151B9CEF0068929C /* AFXMLRequestOperation.m */,
				6085D26B151B9CEF0068929C /* UIImageView+AFNetworking.h */,
				6085D26C151B9CEF0068929C /* UIImageView+AFNetworking.m */,
			);
			path = AFNetworking;
			sourceTree = "<group>";
		};
		6085D27A151B9E4E0068929C /* Utils */ = {
			isa = PBXGroup;
			children = (
				60A1B19615287343002A6A7E /* ModalZoomView.h */,
				60A1B19715287343002A6A7E /* ModalZoomView.m */,
				6085D295151BAB230068929C /* Constants.h */,
				6085D296151BAB230068929C /* Constants.m */,
				60F5AD791522777600DD7A6F /* MoviePlayer.h */,
				60F5AD7A1522777600DD7A6F /* MoviePlayer.m */,
				60B326E61528A55C00462AA8 /* Analytics.h */,
				60B326E71528A55C00462AA8 /* Analytics.m */,
				60F4ECBE152B902C00A9A627 /* FileSizeUtils.h */,
				60F4ECBF152B902C00A9A627 /* FileSizeUtils.m */,
				60FE47B9152EA0D6008A5752 /* ThreeColumnViewManager.h */,
				60FE47BA152EA0D6008A5752 /* ThreeColumnViewManager.m */,
				606C79A2152F508E00608C56 /* ORDefaults.h */,
				606C79A3152F508E00608C56 /* ORDefaults.m */,
				6064D89915398E4600E454E5 /* SearchController.h */,
				6064D89A15398E4600E454E5 /* SearchController.m */,
			);
			name = Utils;
			sourceTree = "<group>";
		};
		6085D27B151B9E550068929C /* View Controllers */ = {
			isa = PBXGroup;
			children = (
				60DB0AB2151C670800DA8A33 /* OAuthViewController.h */,
				60DB0AB3151C670800DA8A33 /* OAuthViewController.m */,
				600641F9151F24AF00EF85F9 /* StatusViewController.h */,
				600641FA151F24AF00EF85F9 /* StatusViewController.m */,
				600641FD151F24C100EF85F9 /* SearchViewController.h */,
				600641FE151F24C100EF85F9 /* SearchViewController.m */,
				60064200151F24CD00EF85F9 /* BrowsingViewController.h */,
				60064201151F24CD00EF85F9 /* BrowsingViewController.m */,
				60064203151F24DA00EF85F9 /* RootViewController.h */,
				60064204151F24DA00EF85F9 /* RootViewController.m */,
				60A1B1AE1528788E002A6A7E /* FileInfoViewController.h */,
				60A1B1AF1528788E002A6A7E /* FileInfoViewController.m */,
				6043D0EB1562F529002193B3 /* ORMoviePlayerController.h */,
				6043D0EC1562F529002193B3 /* ORMoviePlayerController.m */,
			);
			name = "View Controllers";
			sourceTree = "<group>";
		};
		6085D27C151B9E6F0068929C /* Externals */ = {
			isa = PBXGroup;
			children = (
				60C04F201572419900C23AB5 /* TestFlight.h */,
				60C04F1E1572418B00C23AB5 /* libTestFlight.a */,
				60C04F0B15722E9E00C23AB5 /* QuartzCore.framework */,
				60C04EF315722D7E00C23AB5 /* FGPhotoViewer */,
				60C04ED01572119D00C23AB5 /* MiniZip.xcodeproj */,
				60C04EC71572119900C23AB5 /* UnRAR.xcodeproj */,
				6043D0EE1562F5F4002193B3 /* AVFoundation.framework */,
				60F00EB9152BAC1800DA9230 /* AssetsLibrary.framework */,
				60F5AD771522739D00DD7A6F /* MediaPlayer.framework */,
				6080699A1574054F0070BF86 /* GMGridView */,
				60A7A6D1151FD33600DB71E0 /* RestKit */,
				6085D257151B9CEF0068929C /* AFNetworking */,
			);
			name = Externals;
			sourceTree = "<group>";
		};
		60A7A6CD151FD26A00DB71E0 /* Models */ = {
			isa = PBXGroup;
			children = (
				60A7A6CE151FD2A100DB71E0 /* File.h */,
				60A7A6CF151FD2A100DB71E0 /* File.m */,
				600104D21524F9CB005F5B33 /* Folder.h */,
				600104D31524F9CB005F5B33 /* Folder.m */,
				60A7AB1315290771009DD716 /* Transfer.h */,
				60A7AB1415290771009DD716 /* Transfer.m */,
				60A7AB2E15291403009DD716 /* Message.h */,
				60A7AB2F15291404009DD716 /* Message.m */,
				60D9B7E91535C30F00A64E0F /* SearchResult.h */,
				60D9B7EA1535C30F00A64E0F /* SearchResult.m */,
			);
			name = Models;
			sourceTree = "<group>";
		};
		60A7A6D1151FD33600DB71E0 /* RestKit */ = {
			isa = PBXGroup;
			children = (
				60A7A6D2151FD34700DB71E0 /* NSManagedObject+ActiveRecord.h */,
				60A7A6D3151FD34700DB71E0 /* NSManagedObject+ActiveRecord.m */,
			);
			name = RestKit;
			sourceTree = "<group>";
		};
		60AB50CF151F64DE00473448 /* Categories */ = {
			isa = PBXGroup;
			children = (
				6064D8B115399D8A00E454E5 /* NSString+StripHTML.h */,
				6064D8B215399D8B00E454E5 /* NSString+StripHTML.m */,
				6085D27D151BA3AF0068929C /* NSDictionary+JSON.h */,
				6085D27E151BA3AF0068929C /* NSDictionary+JSON.m */,
				60AB50D1151F650A00473448 /* UIColor+PutioColours.h */,
				60AB50D2151F650A00473448 /* UIColor+PutioColours.m */,
				606C79AE1530A4B100608C56 /* NSDictionary+ObjectForKey.h */,
				606C79AF1530A4B100608C56 /* NSDictionary+ObjectForKey.m */,
			);
			name = Categories;
			sourceTree = "<group>";
		};
		60C04EA21571483C00C23AB5 /* File Controllers */ = {
			isa = PBXGroup;
			children = (
				60C04EA6157148B000C23AB5 /* FileController.h */,
				60C04EA31571489600C23AB5 /* VideoFileController.h */,
				60C04EA41571489600C23AB5 /* VideoFileController.m */,
				60C04EA715715AFE00C23AB5 /* ComicFileController.h */,
				60C04EA815715AFE00C23AB5 /* ComicFileController.mm */,
				60C04EAA15715C5B00C23AB5 /* BaseFileController.h */,
				60C04EAB15715C5B00C23AB5 /* BaseFileController.m */,
			);
			name = "File Controllers";
			sourceTree = "<group>";
		};
		60C04EC81572119900C23AB5 /* Products */ = {
			isa = PBXGroup;
			children = (
				60C04ECF1572119900C23AB5 /* libUnRAR.a */,
			);
			name = Products;
			sourceTree = "<group>";
		};
		60C04ED11572119D00C23AB5 /* Products */ = {
			isa = PBXGroup;
			children = (
				60C04ED81572119D00C23AB5 /* libMiniZip.a */,
			);
			name = Products;
			sourceTree = "<group>";
		};
		60C04EF315722D7E00C23AB5 /* FGPhotoViewer */ = {
			isa = PBXGroup;
			children = (
				60C04F0215722E6700C23AB5 /* FGalleryPhoto.h */,
				60C04F0315722E6700C23AB5 /* FGalleryPhoto.m */,
				60C04F0415722E6700C23AB5 /* FGalleryPhotoView.h */,
				60C04F0515722E6700C23AB5 /* FGalleryPhotoView.m */,
				60C04F0615722E6700C23AB5 /* FGalleryViewController.h */,
				60C04F0715722E6700C23AB5 /* FGalleryViewController.m */,
			);
			name = FGPhotoViewer;
			sourceTree = "<group>";
		};
		60DB0AB1151C665E00DA8A33 /* Network */ = {
			isa = PBXGroup;
			children = (
				60A7A6C4151FBA9900DB71E0 /* PutIONetworkConstants.h */,
				60A7A6C5151FBA9900DB71E0 /* PutIONetworkConstants.m */,
				6085D277151B9DBA0068929C /* V1PutIOAPIClient.h */,
				6085D278151B9DBA0068929C /* V1PutIOAPIClient.m */,
				60B1A933151E157E00FBCD27 /* V2PutIOAPIClient.h */,
				60B1A934151E157F00FBCD27 /* V2PutIOAPIClient.m */,
				60BD4F45151C701300DCD686 /* PutIOClient.h */,
				60BD4F46151C701300DCD686 /* PutIOClient.m */,
				6096FC19155FF0B1009C524C /* PutIOOAuthHelper.h */,
				6096FC1A155FF0B1009C524C /* PutIOOAuthHelper.m */,
			);
			name = Network;
			sourceTree = "<group>";
		};
/* End PBXGroup section */

/* Begin PBXNativeTarget section */
		6085D222151B99490068929C /* Puttio */ = {
			isa = PBXNativeTarget;
			buildConfigurationList = 6085D249151B99490068929C /* Build configuration list for PBXNativeTarget "Puttio" */;
			buildPhases = (
				6085D21F151B99490068929C /* Sources */,
				6085D220151B99490068929C /* Frameworks */,
				6085D221151B99490068929C /* Resources */,
			);
			buildRules = (
			);
			dependencies = (
			);
			name = Puttio;
			productName = Puttio;
			productReference = 6085D223151B99490068929C /* Puttio.app */;
			productType = "com.apple.product-type.application";
		};
/* End PBXNativeTarget section */

/* Begin PBXProject section */
		6085D21A151B99480068929C /* Project object */ = {
			isa = PBXProject;
			attributes = {
				LastUpgradeCheck = 0430;
				ORGANIZATIONNAME = ortatherox.com;
			};
			buildConfigurationList = 6085D21D151B99480068929C /* Build configuration list for PBXProject "Puttio" */;
			compatibilityVersion = "Xcode 3.2";
			developmentRegion = English;
			hasScannedForEncodings = 0;
			knownRegions = (
				en,
			);
			mainGroup = 6085D218151B99480068929C;
			productRefGroup = 6085D224151B99490068929C /* Products */;
			projectDirPath = "";
			projectReferences = (
				{
					ProductGroup = 60C04ED11572119D00C23AB5 /* Products */;
					ProjectRef = 60C04ED01572119D00C23AB5 /* MiniZip.xcodeproj */;
				},
				{
					ProductGroup = 60C04EC81572119900C23AB5 /* Products */;
					ProjectRef = 60C04EC71572119900C23AB5 /* UnRAR.xcodeproj */;
				},
			);
			projectRoot = "";
			targets = (
				6085D222151B99490068929C /* Puttio */,
			);
		};
/* End PBXProject section */

/* Begin PBXReferenceProxy section */
		60C04ECF1572119900C23AB5 /* libUnRAR.a */ = {
			isa = PBXReferenceProxy;
			fileType = archive.ar;
			path = libUnRAR.a;
			remoteRef = 60C04ECE1572119900C23AB5 /* PBXContainerItemProxy */;
			sourceTree = BUILT_PRODUCTS_DIR;
		};
		60C04ED81572119D00C23AB5 /* libMiniZip.a */ = {
			isa = PBXReferenceProxy;
			fileType = archive.ar;
			path = libMiniZip.a;
			remoteRef = 60C04ED71572119D00C23AB5 /* PBXContainerItemProxy */;
			sourceTree = BUILT_PRODUCTS_DIR;
		};
/* End PBXReferenceProxy section */

/* Begin PBXResourcesBuildPhase section */
		6085D221151B99490068929C /* Resources */ = {
			isa = PBXResourcesBuildPhase;
			buildActionMask = 2147483647;
			files = (
				6085D234151B99490068929C /* InfoPlist.strings in Resources */,
				6085D23D151B99490068929C /* MainStoryboard.storyboard in Resources */,
				60F023861528AB55003491E4 /* icon72.png in Resources */,
				60F023881528AB5F003491E4 /* icon144.png in Resources */,
				606C79AA152F5ACE00608C56 /* Tab.png in Resources */,
				606C79AB152F5ACE00608C56 /* TabActive.png in Resources */,
				606C79AC152F5ACE00608C56 /* TabActive@2x.png in Resources */,
				606C79AD152F5ACE00608C56 /* Tab@2x.png in Resources */,
				601205391538CF2600052D89 /* mininova.json in Resources */,
				6012053B1538CF5600052D89 /* isohunt.json in Resources */,
			);
			runOnlyForDeploymentPostprocessing = 0;
		};
/* End PBXResourcesBuildPhase section */

/* Begin PBXSourcesBuildPhase section */
		6085D21F151B99490068929C /* Sources */ = {
			isa = PBXSourcesBuildPhase;
			buildActionMask = 2147483647;
			files = (
				6085D236151B99490068929C /* main.m in Sources */,
				6085D23A151B99490068929C /* ORAppDelegate.m in Sources */,
				6085D240151B99490068929C /* Puttio.xcdatamodeld in Sources */,
				6085D26D151B9CEF0068929C /* AFHTTPClient.m in Sources */,
				6085D26E151B9CEF0068929C /* AFHTTPRequestOperation.m in Sources */,
				6085D26F151B9CEF0068929C /* AFImageRequestOperation.m in Sources */,
				6085D270151B9CEF0068929C /* AFJSONRequestOperation.m in Sources */,
				6085D271151B9CEF0068929C /* AFJSONUtilities.m in Sources */,
				6085D272151B9CEF0068929C /* AFNetworkActivityIndicatorManager.m in Sources */,
				6085D273151B9CEF0068929C /* AFPropertyListRequestOperation.m in Sources */,
				6085D274151B9CEF0068929C /* AFURLConnectionOperation.m in Sources */,
				6085D275151B9CEF0068929C /* AFXMLRequestOperation.m in Sources */,
				6085D276151B9CEF0068929C /* UIImageView+AFNetworking.m in Sources */,
				6085D279151B9DBA0068929C /* V1PutIOAPIClient.m in Sources */,
				6085D27F151BA3AF0068929C /* NSDictionary+JSON.m in Sources */,
				6085D297151BAB230068929C /* Constants.m in Sources */,
				60DB0AB4151C670800DA8A33 /* OAuthViewController.m in Sources */,
				60BD4F47151C701300DCD686 /* PutIOClient.m in Sources */,
				60B1A935151E157F00FBCD27 /* V2PutIOAPIClient.m in Sources */,
				600641FB151F24AF00EF85F9 /* StatusViewController.m in Sources */,
				600641FF151F24C100EF85F9 /* SearchViewController.m in Sources */,
				60064202151F24CD00EF85F9 /* BrowsingViewController.m in Sources */,
				60064205151F24DA00EF85F9 /* RootViewController.m in Sources */,
				60AB50D3151F650A00473448 /* UIColor+PutioColours.m in Sources */,
				60A7A6B5151F6E0D00DB71E0 /* ORSimpleProgress.m in Sources */,
				60A7A6C6151FBA9900DB71E0 /* PutIONetworkConstants.m in Sources */,
				60A7A6D0151FD2A100DB71E0 /* File.m in Sources */,
				60A7A6D4151FD34700DB71E0 /* NSManagedObject+ActiveRecord.m in Sources */,
				60F5AD6115224DF400DD7A6F /* ORImageViewCell.m in Sources */,
				60F5AD7B1522777600DD7A6F /* MoviePlayer.m in Sources */,
				600104D41524F9CB005F5B33 /* Folder.m in Sources */,
				60A1B19815287343002A6A7E /* ModalZoomView.m in Sources */,
				60A1B1B01528788E002A6A7E /* FileInfoViewController.m in Sources */,
				60B326E81528A55C00462AA8 /* Analytics.m in Sources */,
				60A7AB1515290771009DD716 /* Transfer.m in Sources */,
				60A7AB1815290D90009DD716 /* ARTransferCell.m in Sources */,
				60A7AB3015291404009DD716 /* Message.m in Sources */,
				60A7AB33152916BA009DD716 /* ORMessageCell.m in Sources */,
				60F4ECC0152B902C00A9A627 /* FileSizeUtils.m in Sources */,
				60FE47BB152EA0D6008A5752 /* ThreeColumnViewManager.m in Sources */,
				606C79A4152F508E00608C56 /* ORDefaults.m in Sources */,
				606C79B01530A4B100608C56 /* NSDictionary+ObjectForKey.m in Sources */,
				60D9B7EB1535C30F00A64E0F /* SearchResult.m in Sources */,
				60D9B7EE1535C67300A64E0F /* ORSearchCell.m in Sources */,
				6064D89B15398E4600E454E5 /* SearchController.m in Sources */,
				6064D8B315399D8B00E454E5 /* NSString+StripHTML.m in Sources */,
				6096FC1B155FF0B1009C524C /* PutIOOAuthHelper.m in Sources */,
				6043D0ED1562F529002193B3 /* ORMoviePlayerController.m in Sources */,
				60FE125E156C29DC000A0EB4 /* ORFlatButton.m in Sources */,
				60C04EA51571489600C23AB5 /* VideoFileController.m in Sources */,
				60C04EA915715AFE00C23AB5 /* ComicFileController.mm in Sources */,
				60C04EAC15715C5B00C23AB5 /* BaseFileController.m in Sources */,
				60C04F0815722E6700C23AB5 /* FGalleryPhoto.m in Sources */,
				60C04F0915722E6700C23AB5 /* FGalleryPhotoView.m in Sources */,
				60C04F0A15722E6700C23AB5 /* FGalleryViewController.m in Sources */,
				608069AD1574054F0070BF86 /* GMGridView.m in Sources */,
				608069AE1574054F0070BF86 /* GMGridViewCell.m in Sources */,
				608069AF1574054F0070BF86 /* GMGridViewLayoutStrategies.m in Sources */,
				608069B01574054F0070BF86 /* UIGestureRecognizer+GMGridViewAdditions.m in Sources */,
				608069B11574054F0070BF86 /* UIView+GMGridViewAdditions.m in Sources */,
			);
			runOnlyForDeploymentPostprocessing = 0;
		};
/* End PBXSourcesBuildPhase section */

/* Begin PBXVariantGroup section */
		6085D232151B99490068929C /* InfoPlist.strings */ = {
			isa = PBXVariantGroup;
			children = (
				6085D233151B99490068929C /* en */,
			);
			name = InfoPlist.strings;
			sourceTree = "<group>";
		};
		6085D23B151B99490068929C /* MainStoryboard.storyboard */ = {
			isa = PBXVariantGroup;
			children = (
				6085D23C151B99490068929C /* en */,
			);
			name = MainStoryboard.storyboard;
			sourceTree = "<group>";
		};
/* End PBXVariantGroup section */

/* Begin XCBuildConfiguration section */
		6085D247151B99490068929C /* Debug */ = {
			isa = XCBuildConfiguration;
			buildSettings = {
				ALWAYS_SEARCH_USER_PATHS = NO;
				ARCHS = "$(ARCHS_STANDARD_32_BIT)";
				CLANG_ENABLE_OBJC_ARC = YES;
				"CODE_SIGN_IDENTITY[sdk=iphoneos*]" = "iPhone Developer";
				COPY_PHASE_STRIP = NO;
				GCC_C_LANGUAGE_STANDARD = gnu99;
				GCC_DYNAMIC_NO_PIC = NO;
				GCC_OPTIMIZATION_LEVEL = 0;
				GCC_PREPROCESSOR_DEFINITIONS = (
					"DEBUG=1",
					"$(inherited)",
				);
				GCC_SYMBOLS_PRIVATE_EXTERN = NO;
				GCC_VERSION = com.apple.compilers.llvm.clang.1_0;
				GCC_WARN_ABOUT_MISSING_PROTOTYPES = YES;
				GCC_WARN_ABOUT_RETURN_TYPE = YES;
				GCC_WARN_UNUSED_VARIABLE = YES;
				IPHONEOS_DEPLOYMENT_TARGET = 5.0;
				SDKROOT = iphoneos;
				TARGETED_DEVICE_FAMILY = 2;
			};
			name = Debug;
		};
		6085D248151B99490068929C /* Release */ = {
			isa = XCBuildConfiguration;
			buildSettings = {
				ALWAYS_SEARCH_USER_PATHS = NO;
				ARCHS = "$(ARCHS_STANDARD_32_BIT)";
				CLANG_ENABLE_OBJC_ARC = YES;
				"CODE_SIGN_IDENTITY[sdk=iphoneos*]" = "iPhone Developer";
				COPY_PHASE_STRIP = YES;
				GCC_C_LANGUAGE_STANDARD = gnu99;
				GCC_VERSION = com.apple.compilers.llvm.clang.1_0;
				GCC_WARN_ABOUT_MISSING_PROTOTYPES = YES;
				GCC_WARN_ABOUT_RETURN_TYPE = YES;
				GCC_WARN_UNUSED_VARIABLE = YES;
				IPHONEOS_DEPLOYMENT_TARGET = 5.0;
				OTHER_CFLAGS = "-DNS_BLOCK_ASSERTIONS=1";
				SDKROOT = iphoneos;
				TARGETED_DEVICE_FAMILY = 2;
				VALIDATE_PRODUCT = YES;
			};
			name = Release;
		};
		6085D24A151B99490068929C /* Debug */ = {
			isa = XCBuildConfiguration;
			buildSettings = {
				ALWAYS_SEARCH_USER_PATHS = YES;
				GCC_PRECOMPILE_PREFIX_HEADER = YES;
				GCC_PREFIX_HEADER = "Puttio/Puttio-Prefix.pch";
				INFOPLIST_FILE = "Puttio/Puttio-Info.plist";
				LIBRARY_SEARCH_PATHS = (
					"$(inherited)",
					"\"$(SRCROOT)\"",
					"\"$(SRCROOT)/Puttio\"",
				);
				PRODUCT_NAME = "$(TARGET_NAME)";
				USER_HEADER_SEARCH_PATHS = "$(SRCROOT)/vendor/**";
				WRAPPER_EXTENSION = app;
			};
			name = Debug;
		};
		6085D24B151B99490068929C /* Release */ = {
			isa = XCBuildConfiguration;
			buildSettings = {
				ALWAYS_SEARCH_USER_PATHS = YES;
				GCC_PRECOMPILE_PREFIX_HEADER = YES;
				GCC_PREFIX_HEADER = "Puttio/Puttio-Prefix.pch";
				INFOPLIST_FILE = "Puttio/Puttio-Info.plist";
				LIBRARY_SEARCH_PATHS = (
					"$(inherited)",
					"\"$(SRCROOT)\"",
					"\"$(SRCROOT)/Puttio\"",
				);
				PRODUCT_NAME = "$(TARGET_NAME)";
				USER_HEADER_SEARCH_PATHS = "$(SRCROOT)/vendor/**";
				WRAPPER_EXTENSION = app;
			};
			name = Release;
		};
/* End XCBuildConfiguration section */

/* Begin XCConfigurationList section */
		6085D21D151B99480068929C /* Build configuration list for PBXProject "Puttio" */ = {
			isa = XCConfigurationList;
			buildConfigurations = (
				6085D247151B99490068929C /* Debug */,
				6085D248151B99490068929C /* Release */,
			);
			defaultConfigurationIsVisible = 0;
			defaultConfigurationName = Release;
		};
		6085D249151B99490068929C /* Build configuration list for PBXNativeTarget "Puttio" */ = {
			isa = XCConfigurationList;
			buildConfigurations = (
				6085D24A151B99490068929C /* Debug */,
				6085D24B151B99490068929C /* Release */,
			);
			defaultConfigurationIsVisible = 0;
			defaultConfigurationName = Release;
		};
/* End XCConfigurationList section */

/* Begin XCVersionGroup section */
		6085D23E151B99490068929C /* Puttio.xcdatamodeld */ = {
			isa = XCVersionGroup;
			children = (
				6085D23F151B99490068929C /* Puttio.xcdatamodel */,
			);
			currentVersion = 6085D23F151B99490068929C /* Puttio.xcdatamodel */;
			path = Puttio.xcdatamodeld;
			sourceTree = "<group>";
			versionGroupType = wrapper.xcdatamodel;
		};
/* End XCVersionGroup section */
	};
	rootObject = 6085D21A151B99480068929C /* Project object */;
}
